// !$*UTF8*$!
{
	archiveVersion = 1;
	classes = {
	};
	objectVersion = 46;
	objects = {

/* Begin PBXBuildFile section */
		1A56D1A81B2B350000CAA118 /* HKLSegmentedControl.m in Sources */ = {isa = PBXBuildFile; fileRef = 1A56D1A71B2B350000CAA118 /* HKLSegmentedControl.m */; };
		1A56D1AA1B2B38B400CAA118 /* LICENSE in Resources */ = {isa = PBXBuildFile; fileRef = 1A56D1A91B2B38B400CAA118 /* LICENSE */; };
		1A8B75CB1B29C3C0009E1B43 /* main.m in Sources */ = {isa = PBXBuildFile; fileRef = 1A8B75CA1B29C3C0009E1B43 /* main.m */; };
		1A8B75CE1B29C3C0009E1B43 /* AppDelegate.m in Sources */ = {isa = PBXBuildFile; fileRef = 1A8B75CD1B29C3C0009E1B43 /* AppDelegate.m */; };
		1A8B75D11B29C3C0009E1B43 /* ViewController.m in Sources */ = {isa = PBXBuildFile; fileRef = 1A8B75D01B29C3C0009E1B43 /* ViewController.m */; };
		1A8B75D41B29C3C0009E1B43 /* Main.storyboard in Resources */ = {isa = PBXBuildFile; fileRef = 1A8B75D21B29C3C0009E1B43 /* Main.storyboard */; };
		1A8B75D61B29C3C0009E1B43 /* Images.xcassets in Resources */ = {isa = PBXBuildFile; fileRef = 1A8B75D51B29C3C0009E1B43 /* Images.xcassets */; };
		1A8B75D91B29C3C0009E1B43 /* LaunchScreen.xib in Resources */ = {isa = PBXBuildFile; fileRef = 1A8B75D71B29C3C0009E1B43 /* LaunchScreen.xib */; };
/* End PBXBuildFile section */

/* Begin PBXFileReference section */
		1A56D1A61B2B350000CAA118 /* HKLSegmentedControl.h */ = {isa = PBXFileReference; fileEncoding = 4; lastKnownFileType = sourcecode.c.h; path = HKLSegmentedControl.h; sourceTree = "<group>"; };
		1A56D1A71B2B350000CAA118 /* HKLSegmentedControl.m */ = {isa = PBXFileReference; fileEncoding = 4; lastKnownFileType = sourcecode.c.objc; path = HKLSegmentedControl.m; sourceTree = "<group>"; };
		1A56D1A91B2B38B400CAA118 /* LICENSE */ = {isa = PBXFileReference; fileEncoding = 4; lastKnownFileType = text; name = LICENSE; path = ../LICENSE; sourceTree = "<group>"; };
		1A56D1AB1B2BD28B00CAA118 /* README.md */ = {isa = PBXFileReference; lastKnownFileType = net.daringfireball.markdown; name = README.md; path = ../README.md; sourceTree = "<group>"; };
		1A56D1AC1B2BD4EE00CAA118 /* HKLSegmentedControl.podspec */ = {isa = PBXFileReference; lastKnownFileType = text; name = HKLSegmentedControl.podspec; path = ../HKLSegmentedControl.podspec; sourceTree = "<group>"; };
		1A8B75C51B29C3C0009E1B43 /* HKLSegmentedControl.app */ = {isa = PBXFileReference; explicitFileType = wrapper.application; includeInIndex = 0; path = HKLSegmentedControl.app; sourceTree = BUILT_PRODUCTS_DIR; };
		1A8B75C91B29C3C0009E1B43 /* Info.plist */ = {isa = PBXFileReference; lastKnownFileType = text.plist.xml; path = Info.plist; sourceTree = "<group>"; };
		1A8B75CA1B29C3C0009E1B43 /* main.m */ = {isa = PBXFileReference; lastKnownFileType = sourcecode.c.objc; path = main.m; sourceTree = "<group>"; };
		1A8B75CC1B29C3C0009E1B43 /* AppDelegate.h */ = {isa = PBXFileReference; lastKnownFileType = sourcecode.c.h; path = AppDelegate.h; sourceTree = "<group>"; };
		1A8B75CD1B29C3C0009E1B43 /* AppDelegate.m */ = {isa = PBXFileReference; lastKnownFileType = sourcecode.c.objc; path = AppDelegate.m; sourceTree = "<group>"; };
		1A8B75CF1B29C3C0009E1B43 /* ViewController.h */ = {isa = PBXFileReference; lastKnownFileType = sourcecode.c.h; path = ViewController.h; sourceTree = "<group>"; };
		1A8B75D01B29C3C0009E1B43 /* ViewController.m */ = {isa = PBXFileReference; lastKnownFileType = sourcecode.c.objc; path = ViewController.m; sourceTree = "<group>"; };
		1A8B75D31B29C3C0009E1B43 /* Base */ = {isa = PBXFileReference; lastKnownFileType = file.storyboard; name = Base; path = Base.lproj/Main.storyboard; sourceTree = "<group>"; };
		1A8B75D51B29C3C0009E1B43 /* Images.xcassets */ = {isa = PBXFileReference; lastKnownFileType = folder.assetcatalog; path = Images.xcassets; sourceTree = "<group>"; };
		1A8B75D81B29C3C0009E1B43 /* Base */ = {isa = PBXFileReference; lastKnownFileType = file.xib; name = Base; path = Base.lproj/LaunchScreen.xib; sourceTree = "<group>"; };
/* End PBXFileReference section */

/* Begin PBXFrameworksBuildPhase section */
		1A8B75C21B29C3C0009E1B43 /* Frameworks */ = {
			isa = PBXFrameworksBuildPhase;
			buildActionMask = 2147483647;
			files = (
			);
			runOnlyForDeploymentPostprocessing = 0;
		};
/* End PBXFrameworksBuildPhase section */

/* Begin PBXGroup section */
		1A56D1A51B2B350000CAA118 /* Libs */ = {
			isa = PBXGroup;
			children = (
				1A56D1A61B2B350000CAA118 /* HKLSegmentedControl.h */,
				1A56D1A71B2B350000CAA118 /* HKLSegmentedControl.m */,
			);
			name = Libs;
			path = ../Libs;
			sourceTree = SOURCE_ROOT;
		};
		1A8B75BC1B29C3C0009E1B43 = {
			isa = PBXGroup;
			children = (
				1A56D1AB1B2BD28B00CAA118 /* README.md */,
				1A56D1A91B2B38B400CAA118 /* LICENSE */,
				1A56D1AC1B2BD4EE00CAA118 /* HKLSegmentedControl.podspec */,
				1A8B75C71B29C3C0009E1B43 /* Examples */,
				1A56D1A51B2B350000CAA118 /* Libs */,
				1A8B75C61B29C3C0009E1B43 /* Products */,
			);
			sourceTree = "<group>";
		};
		1A8B75C61B29C3C0009E1B43 /* Products */ = {
			isa = PBXGroup;
			children = (
				1A8B75C51B29C3C0009E1B43 /* HKLSegmentedControl.app */,
			);
			name = Products;
			sourceTree = "<group>";
		};
		1A8B75C71B29C3C0009E1B43 /* Examples */ = {
			isa = PBXGroup;
			children = (
				1A8B75CC1B29C3C0009E1B43 /* AppDelegate.h */,
				1A8B75CD1B29C3C0009E1B43 /* AppDelegate.m */,
				1A8B75CF1B29C3C0009E1B43 /* ViewController.h */,
				1A8B75D01B29C3C0009E1B43 /* ViewController.m */,
				1A8B75D21B29C3C0009E1B43 /* Main.storyboard */,
				1A8B75D71B29C3C0009E1B43 /* LaunchScreen.xib */,
				1A8B75D51B29C3C0009E1B43 /* Images.xcassets */,
				1A8B75C81B29C3C0009E1B43 /* Supporting Files */,
			);
			path = Examples;
			sourceTree = "<group>";
		};
		1A8B75C81B29C3C0009E1B43 /* Supporting Files */ = {
			isa = PBXGroup;
			children = (
				1A8B75C91B29C3C0009E1B43 /* Info.plist */,
				1A8B75CA1B29C3C0009E1B43 /* main.m */,
			);
			name = "Supporting Files";
			sourceTree = "<group>";
		};
/* End PBXGroup section */

/* Begin PBXNativeTarget section */
		1A8B75C41B29C3C0009E1B43 /* HKLSegmentedControl */ = {
			isa = PBXNativeTarget;
			buildConfigurationList = 1A8B75E81B29C3C0009E1B43 /* Build configuration list for PBXNativeTarget "HKLSegmentedControl" */;
			buildPhases = (
				1A8B75C11B29C3C0009E1B43 /* Sources */,
				1A8B75C21B29C3C0009E1B43 /* Frameworks */,
				1A8B75C31B29C3C0009E1B43 /* Resources */,
			);
			buildRules = (
			);
			dependencies = (
			);
			name = HKLSegmentedControl;
			productName = testsimple;
			productReference = 1A8B75C51B29C3C0009E1B43 /* HKLSegmentedControl.app */;
			productType = "com.apple.product-type.application";
		};
/* End PBXNativeTarget section */

/* Begin PBXProject section */
		1A8B75BD1B29C3C0009E1B43 /* Project object */ = {
			isa = PBXProject;
			attributes = {
				LastUpgradeCheck = 0630;
				ORGANIZATIONNAME = "Hirohito Kato";
				TargetAttributes = {
					1A8B75C41B29C3C0009E1B43 = {
						CreatedOnToolsVersion = 6.3.2;
					};
				};
			};
			buildConfigurationList = 1A8B75C01B29C3C0009E1B43 /* Build configuration list for PBXProject "HKLSegmentedControl" */;
			compatibilityVersion = "Xcode 3.2";
			developmentRegion = English;
			hasScannedForEncodings = 0;
			knownRegions = (
				en,
				Base,
			);
			mainGroup = 1A8B75BC1B29C3C0009E1B43;
			productRefGroup = 1A8B75C61B29C3C0009E1B43 /* Products */;
			projectDirPath = "";
			projectRoot = "";
			targets = (
				1A8B75C41B29C3C0009E1B43 /* HKLSegmentedControl */,
			);
		};
/* End PBXProject section */

/* Begin PBXResourcesBuildPhase section */
		1A8B75C31B29C3C0009E1B43 /* Resources */ = {
			isa = PBXResourcesBuildPhase;
			buildActionMask = 2147483647;
			files = (
				1A8B75D41B29C3C0009E1B43 /* Main.storyboard in Resources */,
				1A8B75D91B29C3C0009E1B43 /* LaunchScreen.xib in Resources */,
				1A56D1AA1B2B38B400CAA118 /* LICENSE in Resources */,
				1A8B75D61B29C3C0009E1B43 /* Images.xcassets in Resources */,
			);
			runOnlyForDeploymentPostprocessing = 0;
		};
/* End PBXResourcesBuildPhase section */

/* Begin PBXSourcesBuildPhase section */
		1A8B75C11B29C3C0009E1B43 /* Sources */ = {
			isa = PBXSourcesBuildPhase;
			buildActionMask = 2147483647;
			files = (
				1A8B75D11B29C3C0009E1B43 /* ViewController.m in Sources */,
				1A8B75CE1B29C3C0009E1B43 /* AppDelegate.m in Sources */,
				1A56D1A81B2B350000CAA118 /* HKLSegmentedControl.m in Sources */,
				1A8B75CB1B29C3C0009E1B43 /* main.m in Sources */,
			);
			runOnlyForDeploymentPostprocessing = 0;
		};
/* End PBXSourcesBuildPhase section */

/* Begin PBXVariantGroup section */
		1A8B75D21B29C3C0009E1B43 /* Main.storyboard */ = {
			isa = PBXVariantGroup;
			children = (
				1A8B75D31B29C3C0009E1B43 /* Base */,
			);
			name = Main.storyboard;
			sourceTree = "<group>";
		};
		1A8B75D71B29C3C0009E1B43 /* LaunchScreen.xib */ = {
			isa = PBXVariantGroup;
			children = (
				1A8B75D81B29C3C0009E1B43 /* Base */,
			);
			name = LaunchScreen.xib;
			sourceTree = "<group>";
		};
/* End PBXVariantGroup section */

/* Begin XCBuildConfiguration section */
		1A8B75E61B29C3C0009E1B43 /* Debug */ = {
			isa = XCBuildConfiguration;
			buildSettings = {
				ALWAYS_SEARCH_USER_PATHS = NO;
				CLANG_CXX_LANGUAGE_STANDARD = "gnu++0x";
				CLANG_CXX_LIBRARY = "libc++";
				CLANG_ENABLE_MODULES = YES;
				CLANG_ENABLE_OBJC_ARC = YES;
				CLANG_WARN_BOOL_CONVERSION = YES;
				CLANG_WARN_CONSTANT_CONVERSION = YES;
				CLANG_WARN_DIRECT_OBJC_ISA_USAGE = YES_ERROR;
				CLANG_WARN_EMPTY_BODY = YES;
				CLANG_WARN_ENUM_CONVERSION = YES;
				CLANG_WARN_INT_CONVERSION = YES;
				CLANG_WARN_OBJC_ROOT_CLASS = YES_ERROR;
				CLANG_WARN_UNREACHABLE_CODE = YES;
				CLANG_WARN__DUPLICATE_METHOD_MATCH = YES;
				"CODE_SIGN_IDENTITY[sdk=iphoneos*]" = "iPhone Developer";
				COPY_PHASE_STRIP = NO;
				DEBUG_INFORMATION_FORMAT = "dwarf-with-dsym";
				ENABLE_STRICT_OBJC_MSGSEND = YES;
				GCC_C_LANGUAGE_STANDARD = gnu99;
				GCC_DYNAMIC_NO_PIC = NO;
				GCC_NO_COMMON_BLOCKS = YES;
				GCC_OPTIMIZATION_LEVEL = 0;
				GCC_PREPROCESSOR_DEFINITIONS = (
					"DEBUG=1",
					"$(inherited)",
				);
				GCC_SYMBOLS_PRIVATE_EXTERN = NO;
				GCC_WARN_64_TO_32_BIT_CONVERSION = YES;
				GCC_WARN_ABOUT_RETURN_TYPE = YES_ERROR;
				GCC_WARN_UNDECLARED_SELECTOR = YES;
				GCC_WARN_UNINITIALIZED_AUTOS = YES_AGGRESSIVE;
				GCC_WARN_UNUSED_FUNCTION = YES;
				GCC_WARN_UNUSED_VARIABLE = YES;
				IPHONEOS_DEPLOYMENT_TARGET = 8.3;
				MTL_ENABLE_DEBUG_INFO = YES;
				ONLY_ACTIVE_ARCH = YES;
				SDKROOT = iphoneos;
				TARGETED_DEVICE_FAMILY = "1,2";
			};
			name = Debug;
		};
		1A8B75E71B29C3C0009E1B43 /* Release */ = {
			isa = XCBuildConfiguration;
			buildSettings = {
				ALWAYS_SEARCH_USER_PATHS = NO;
				CLANG_CXX_LANGUAGE_STANDARD = "gnu++0x";
				CLANG_CXX_LIBRARY = "libc++";
				CLANG_ENABLE_MODULES = YES;
				CLANG_ENABLE_OBJC_ARC = YES;
				CLANG_WARN_BOOL_CONVERSION = YES;
				CLANG_WARN_CONSTANT_CONVERSION = YES;
				CLANG_WARN_DIRECT_OBJC_ISA_USAGE = YES_ERROR;
				CLANG_WARN_EMPTY_BODY = YES;
				CLANG_WARN_ENUM_CONVERSION = YES;
				CLANG_WARN_INT_CONVERSION = YES;
				CLANG_WARN_OBJC_ROOT_CLASS = YES_ERROR;
				CLANG_WARN_UNREACHABLE_CODE = YES;
				CLANG_WARN__DUPLICATE_METHOD_MATCH = YES;
				"CODE_SIGN_IDENTITY[sdk=iphoneos*]" = "iPhone Developer";
				COPY_PHASE_STRIP = NO;
				DEBUG_INFORMATION_FORMAT = "dwarf-with-dsym";
				ENABLE_NS_ASSERTIONS = NO;
				ENABLE_STRICT_OBJC_MSGSEND = YES;
				GCC_C_LANGUAGE_STANDARD = gnu99;
				GCC_NO_COMMON_BLOCKS = YES;
				GCC_WARN_64_TO_32_BIT_CONVERSION = YES;
				GCC_WARN_ABOUT_RETURN_TYPE = YES_ERROR;
				GCC_WARN_UNDECLARED_SELECTOR = YES;
				GCC_WARN_UNINITIALIZED_AUTOS = YES_AGGRESSIVE;
				GCC_WARN_UNUSED_FUNCTION = YES;
				GCC_WARN_UNUSED_VARIABLE = YES;
				IPHONEOS_DEPLOYMENT_TARGET = 8.3;
				MTL_ENABLE_DEBUG_INFO = NO;
				SDKROOT = iphoneos;
				TARGETED_DEVICE_FAMILY = "1,2";
				VALIDATE_PRODUCT = YES;
			};
			name = Release;
		};
		1A8B75E91B29C3C0009E1B43 /* Debug */ = {
			isa = XCBuildConfiguration;
			buildSettings = {
				ASSETCATALOG_COMPILER_APPICON_NAME = AppIcon;
				INFOPLIST_FILE = Examples/Info.plist;
				IPHONEOS_DEPLOYMENT_TARGET = 8.0;
				LD_RUNPATH_SEARCH_PATHS = "$(inherited) @executable_path/Frameworks";
				PRODUCT_NAME = HKLSegmentedControl;
			};
			name = Debug;
		};
		1A8B75EA1B29C3C0009E1B43 /* Release */ = {
			isa = XCBuildConfiguration;
			buildSettings = {
				ASSETCATALOG_COMPILER_APPICON_NAME = AppIcon;
				INFOPLIST_FILE = Examples/Info.plist;
				IPHONEOS_DEPLOYMENT_TARGET = 8.0;
				LD_RUNPATH_SEARCH_PATHS = "$(inherited) @executable_path/Frameworks";
				PRODUCT_NAME = HKLSegmentedControl;
			};
			name = Release;
		};
/* End XCBuildConfiguration section */

/* Begin XCConfigurationList section */
		1A8B75C01B29C3C0009E1B43 /* Build configuration list for PBXProject "HKLSegmentedControl" */ = {
			isa = XCConfigurationList;
			buildConfigurations = (
				1A8B75E61B29C3C0009E1B43 /* Debug */,
				1A8B75E71B29C3C0009E1B43 /* Release */,
			);
			defaultConfigurationIsVisible = 0;
			defaultConfigurationName = Release;
		};
		1A8B75E81B29C3C0009E1B43 /* Build configuration list for PBXNativeTarget "HKLSegmentedControl" */ = {
			isa = XCConfigurationList;
			buildConfigurations = (
				1A8B75E91B29C3C0009E1B43 /* Debug */,
				1A8B75EA1B29C3C0009E1B43 /* Release */,
			);
			defaultConfigurationIsVisible = 0;
			defaultConfigurationName = Release;
		};
/* End XCConfigurationList section */
	};
	rootObject = 1A8B75BD1B29C3C0009E1B43 /* Project object */;
}
